
Microsoft Visual Studio Solution File, Format Version 12.00
# Visual Studio Version 17
VisualStudioVersion = 17.2.32630.192
MinimumVisualStudioVersion = 10.0.40219.1
Project("{FAE04EC0-301F-11D3-BF4B-00C04F79EFBC}") = "MyClasses", "MyClasses\MyClasses.csproj", "{376C0CF5-B125-4606-8E53-8D147B4348A7}"
EndProject
Project("{FAE04EC0-301F-11D3-BF4B-00C04F79EFBC}") = "MyClassesTest", "MyClassesTest\MyClassesTest.csproj", "{963234C9-D20B-4498-AD97-6F43480EF522}"
EndProject
Global
	GlobalSection(SolutionConfigurationPlatforms) = preSolution
		Debug|Any CPU = Debug|Any CPU
		Release|Any CPU = Release|Any CPU
	EndGlobalSection
	GlobalSection(ProjectConfigurationPlatforms) = postSolution
		{376C0CF5-B125-4606-8E53-8D147B4348A7}.Debug|Any CPU.ActiveCfg = Debug|Any CPU
		{376C0CF5-B125-4606-8E53-8D147B4348A7}.Debug|Any CPU.Build.0 = Debug|Any CPU
		{376C0CF5-B125-4606-8E53-8D147B4348A7}.Release|Any CPU.ActiveCfg = Release|Any CPU
		{376C0CF5-B125-4606-8E53-8D147B4348A7}.Release|Any CPU.Build.0 = Release|Any CPU
		{963234C9-D20B-4498-AD97-6F43480EF522}.Debug|Any CPU.ActiveCfg = Debug|Any CPU
		{963234C9-D20B-4498-AD97-6F43480EF522}.Debug|Any CPU.Build.0 = Debug|Any CPU
		{963234C9-D20B-4498-AD97-6F43480EF522}.Release|Any CPU.ActiveCfg = Release|Any CPU
		{963234C9-D20B-4498-AD97-6F43480EF522}.Release|Any CPU.Build.0 = Release|Any CPU
	EndGlobalSection
	GlobalSection(SolutionProperties) = preSolution
		HideSolutionNode = FALSE
	EndGlobalSection
	GlobalSection(ExtensibilityGlobals) = postSolution
		SolutionGuid = {D8152AE4-A94F-4C2C-8D14-B8EEDD82221E}
	EndGlobalSection
EndGlobal
